
Microsoft Visual Studio Solution File, Format Version 12.00
# Visual Studio Version 16
VisualStudioVersion = 16.0.32929.386
MinimumVisualStudioVersion = 10.0.40219.1
Project("{FAE04EC0-301F-11D3-BF4B-00C04F79EFBC}") = "ProyBD", "ProyBD\ProyBD.csproj", "{84447B5A-BD1F-4A0F-9866-55C5FC7326F1}"
EndProject
Global
	GlobalSection(SolutionConfigurationPlatforms) = preSolution
		Debug|Any CPU = Debug|Any CPU
		Release|Any CPU = Release|Any CPU
	EndGlobalSection
	GlobalSection(ProjectConfigurationPlatforms) = postSolution
		{84447B5A-BD1F-4A0F-9866-55C5FC7326F1}.Debug|Any CPU.ActiveCfg = Debug|Any CPU
		{84447B5A-BD1F-4A0F-9866-55C5FC7326F1}.Debug|Any CPU.Build.0 = Debug|Any CPU
		{84447B5A-BD1F-4A0F-9866-55C5FC7326F1}.Release|Any CPU.ActiveCfg = Release|Any CPU
		{84447B5A-BD1F-4A0F-9866-55C5FC7326F1}.Release|Any CPU.Build.0 = Release|Any CPU
	EndGlobalSection
	GlobalSection(SolutionProperties) = preSolution
		HideSolutionNode = FALSE
	EndGlobalSection
	GlobalSection(ExtensibilityGlobals) = postSolution
		SolutionGuid = {284DB56A-9834-4CF4-A8F3-32C1AEE54207}
	EndGlobalSection
EndGlobal
